
Microsoft Visual Studio Solution File, Format Version 12.00
# Visual Studio Version 17
VisualStudioVersion = 17.2.32526.322
MinimumVisualStudioVersion = 10.0.40219.1
Project("{D954291E-2A0B-460D-934E-DC6B0785DB48}") = "UnoGamepad.Shared", "UnoGamepad.Shared\UnoGamepad.Shared.shproj", "{6279C845-92F8-4333-AB99-3D213163593C}"
EndProject
Project("{2150E333-8FDC-42A3-9474-1A3956D46DE8}") = "Platforms", "Platforms", "{904420DE-E145-47B6-BDE7-F8D62ABD1880}"
EndProject
Project("{FAE04EC0-301F-11D3-BF4B-00C04F79EFBC}") = "UnoGamepad.Droid", "UnoGamepad.Droid\UnoGamepad.Droid.csproj", "{552A98A8-74C6-42E7-B2D4-E46DDFCEA393}"
EndProject
Project("{FAE04EC0-301F-11D3-BF4B-00C04F79EFBC}") = "UnoGamepad.iOS", "UnoGamepad.iOS\UnoGamepad.iOS.csproj", "{8E4E2083-4A20-4926-97DE-2E1709D9704B}"
EndProject
Project("{FAE04EC0-301F-11D3-BF4B-00C04F79EFBC}") = "UnoGamepad.UWP", "UnoGamepad.UWP\UnoGamepad.UWP.csproj", "{BAA215E9-E7AA-4F89-B907-9D687FB9F273}"
EndProject
Project("{FAE04EC0-301F-11D3-BF4B-00C04F79EFBC}") = "UnoGamepad.Wasm", "UnoGamepad.Wasm\UnoGamepad.Wasm.csproj", "{6F38F0DA-7E15-4186-BECE-3BF701D676E4}"
EndProject
Project("{FAE04EC0-301F-11D3-BF4B-00C04F79EFBC}") = "UnoGamepad.macOS", "UnoGamepad.macOS\UnoGamepad.macOS.csproj", "{B837DC98-CEDE-4ADC-8684-E0648BD00951}"
EndProject
Project("{FAE04EC0-301F-11D3-BF4B-00C04F79EFBC}") = "UnoGamepad.Skia.Wpf.Host", "UnoGamepad.Skia.Wpf.Host\UnoGamepad.Skia.Wpf.Host.csproj", "{0A364F63-B9D1-4C5F-B203-6F6AE40451DC}"
EndProject
Project("{FAE04EC0-301F-11D3-BF4B-00C04F79EFBC}") = "UnoGamepad.Skia.Wpf", "UnoGamepad.Skia.Wpf\UnoGamepad.Skia.Wpf.csproj", "{C3E8F0E7-A110-4AA0-B0D5-FDBFC7D4011A}"
EndProject
Project("{FAE04EC0-301F-11D3-BF4B-00C04F79EFBC}") = "UnoGamepad.Skia.Gtk", "UnoGamepad.Skia.Gtk\UnoGamepad.Skia.Gtk.csproj", "{1FA4FF69-634E-4D99-8577-1A273E1531CE}"
EndProject
Project("{FAE04EC0-301F-11D3-BF4B-00C04F79EFBC}") = "UnoGamepad.Skia.Tizen", "UnoGamepad.Skia.Tizen\UnoGamepad.Skia.Tizen.csproj", "{6C3BEF2B-25D6-42BF-A831-DF11E1EF4DE2}"
EndProject
Global
	GlobalSection(SolutionConfigurationPlatforms) = preSolution
		Ad-Hoc|Any CPU = Ad-Hoc|Any CPU
		Ad-Hoc|ARM = Ad-Hoc|ARM
		Ad-Hoc|ARM64 = Ad-Hoc|ARM64
		Ad-Hoc|iPhone = Ad-Hoc|iPhone
		Ad-Hoc|iPhoneSimulator = Ad-Hoc|iPhoneSimulator
		Ad-Hoc|x64 = Ad-Hoc|x64
		Ad-Hoc|x86 = Ad-Hoc|x86
		AppStore|Any CPU = AppStore|Any CPU
		AppStore|ARM = AppStore|ARM
		AppStore|ARM64 = AppStore|ARM64
		AppStore|iPhone = AppStore|iPhone
		AppStore|iPhoneSimulator = AppStore|iPhoneSimulator
		AppStore|x64 = AppStore|x64
		AppStore|x86 = AppStore|x86
		Debug|Any CPU = Debug|Any CPU
		Debug|ARM = Debug|ARM
		Debug|ARM64 = Debug|ARM64
		Debug|iPhone = Debug|iPhone
		Debug|iPhoneSimulator = Debug|iPhoneSimulator
		Debug|x64 = Debug|x64
		Debug|x86 = Debug|x86
		Release|Any CPU = Release|Any CPU
		Release|ARM = Release|ARM
		Release|ARM64 = Release|ARM64
		Release|iPhone = Release|iPhone
		Release|iPhoneSimulator = Release|iPhoneSimulator
		Release|x64 = Release|x64
		Release|x86 = Release|x86
	EndGlobalSection
	GlobalSection(ProjectConfigurationPlatforms) = postSolution
		{552A98A8-74C6-42E7-B2D4-E46DDFCEA393}.Ad-Hoc|Any CPU.ActiveCfg = Debug|Any CPU
		{552A98A8-74C6-42E7-B2D4-E46DDFCEA393}.Ad-Hoc|Any CPU.Build.0 = Debug|Any CPU
		{552A98A8-74C6-42E7-B2D4-E46DDFCEA393}.Ad-Hoc|Any CPU.Deploy.0 = Debug|Any CPU
		{552A98A8-74C6-42E7-B2D4-E46DDFCEA393}.Ad-Hoc|ARM.ActiveCfg = Debug|Any CPU
		{552A98A8-74C6-42E7-B2D4-E46DDFCEA393}.Ad-Hoc|ARM.Build.0 = Debug|Any CPU
		{552A98A8-74C6-42E7-B2D4-E46DDFCEA393}.Ad-Hoc|ARM.Deploy.0 = Debug|Any CPU
		{552A98A8-74C6-42E7-B2D4-E46DDFCEA393}.Ad-Hoc|ARM64.ActiveCfg = Debug|Any CPU
		{552A98A8-74C6-42E7-B2D4-E46DDFCEA393}.Ad-Hoc|ARM64.Build.0 = Debug|Any CPU
		{552A98A8-74C6-42E7-B2D4-E46DDFCEA393}.Ad-Hoc|ARM64.Deploy.0 = Debug|Any CPU
		{552A98A8-74C6-42E7-B2D4-E46DDFCEA393}.Ad-Hoc|iPhone.ActiveCfg = Debug|Any CPU
		{552A98A8-74C6-42E7-B2D4-E46DDFCEA393}.Ad-Hoc|iPhone.Build.0 = Debug|Any CPU
		{552A98A8-74C6-42E7-B2D4-E46DDFCEA393}.Ad-Hoc|iPhone.Deploy.0 = Debug|Any CPU
		{552A98A8-74C6-42E7-B2D4-E46DDFCEA393}.Ad-Hoc|iPhoneSimulator.ActiveCfg = Debug|Any CPU
		{552A98A8-74C6-42E7-B2D4-E46DDFCEA393}.Ad-Hoc|iPhoneSimulator.Build.0 = Debug|Any CPU
		{552A98A8-74C6-42E7-B2D4-E46DDFCEA393}.Ad-Hoc|iPhoneSimulator.Deploy.0 = Debug|Any CPU
		{552A98A8-74C6-42E7-B2D4-E46DDFCEA393}.Ad-Hoc|x64.ActiveCfg = Debug|Any CPU
		{552A98A8-74C6-42E7-B2D4-E46DDFCEA393}.Ad-Hoc|x64.Build.0 = Debug|Any CPU
		{552A98A8-74C6-42E7-B2D4-E46DDFCEA393}.Ad-Hoc|x64.Deploy.0 = Debug|Any CPU
		{552A98A8-74C6-42E7-B2D4-E46DDFCEA393}.Ad-Hoc|x86.ActiveCfg = Debug|Any CPU
		{552A98A8-74C6-42E7-B2D4-E46DDFCEA393}.Ad-Hoc|x86.Build.0 = Debug|Any CPU
		{552A98A8-74C6-42E7-B2D4-E46DDFCEA393}.Ad-Hoc|x86.Deploy.0 = Debug|Any CPU
		{552A98A8-74C6-42E7-B2D4-E46DDFCEA393}.AppStore|Any CPU.ActiveCfg = Debug|Any CPU
		{552A98A8-74C6-42E7-B2D4-E46DDFCEA393}.AppStore|Any CPU.Build.0 = Debug|Any CPU
		{552A98A8-74C6-42E7-B2D4-E46DDFCEA393}.AppStore|Any CPU.Deploy.0 = Debug|Any CPU
		{552A98A8-74C6-42E7-B2D4-E46DDFCEA393}.AppStore|ARM.ActiveCfg = Debug|Any CPU
		{552A98A8-74C6-42E7-B2D4-E46DDFCEA393}.AppStore|ARM.Build.0 = Debug|Any CPU
		{552A98A8-74C6-42E7-B2D4-E46DDFCEA393}.AppStore|ARM.Deploy.0 = Debug|Any CPU
		{552A98A8-74C6-42E7-B2D4-E46DDFCEA393}.AppStore|ARM64.ActiveCfg = Debug|Any CPU
		{552A98A8-74C6-42E7-B2D4-E46DDFCEA393}.AppStore|ARM64.Build.0 = Debug|Any CPU
		{552A98A8-74C6-42E7-B2D4-E46DDFCEA393}.AppStore|ARM64.Deploy.0 = Debug|Any CPU
		{552A98A8-74C6-42E7-B2D4-E46DDFCEA393}.AppStore|iPhone.ActiveCfg = Debug|Any CPU
		{552A98A8-74C6-42E7-B2D4-E46DDFCEA393}.AppStore|iPhone.Build.0 = Debug|Any CPU
		{552A98A8-74C6-42E7-B2D4-E46DDFCEA393}.AppStore|iPhone.Deploy.0 = Debug|Any CPU
		{552A98A8-74C6-42E7-B2D4-E46DDFCEA393}.AppStore|iPhoneSimulator.ActiveCfg = Debug|Any CPU
		{552A98A8-74C6-42E7-B2D4-E46DDFCEA393}.AppStore|iPhoneSimulator.Build.0 = Debug|Any CPU
		{552A98A8-74C6-42E7-B2D4-E46DDFCEA393}.AppStore|iPhoneSimulator.Deploy.0 = Debug|Any CPU
		{552A98A8-74C6-42E7-B2D4-E46DDFCEA393}.AppStore|x64.ActiveCfg = Debug|Any CPU
		{552A98A8-74C6-42E7-B2D4-E46DDFCEA393}.AppStore|x64.Build.0 = Debug|Any CPU
		{552A98A8-74C6-42E7-B2D4-E46DDFCEA393}.AppStore|x64.Deploy.0 = Debug|Any CPU
		{552A98A8-74C6-42E7-B2D4-E46DDFCEA393}.AppStore|x86.ActiveCfg = Debug|Any CPU
		{552A98A8-74C6-42E7-B2D4-E46DDFCEA393}.AppStore|x86.Build.0 = Debug|Any CPU
		{552A98A8-74C6-42E7-B2D4-E46DDFCEA393}.AppStore|x86.Deploy.0 = Debug|Any CPU
		{552A98A8-74C6-42E7-B2D4-E46DDFCEA393}.Debug|Any CPU.ActiveCfg = Debug|Any CPU
		{552A98A8-74C6-42E7-B2D4-E46DDFCEA393}.Debug|Any CPU.Build.0 = Debug|Any CPU
		{552A98A8-74C6-42E7-B2D4-E46DDFCEA393}.Debug|Any CPU.Deploy.0 = Debug|Any CPU
		{552A98A8-74C6-42E7-B2D4-E46DDFCEA393}.Debug|ARM.ActiveCfg = Debug|Any CPU
		{552A98A8-74C6-42E7-B2D4-E46DDFCEA393}.Debug|ARM.Build.0 = Debug|Any CPU
		{552A98A8-74C6-42E7-B2D4-E46DDFCEA393}.Debug|ARM.Deploy.0 = Debug|Any CPU
		{552A98A8-74C6-42E7-B2D4-E46DDFCEA393}.Debug|ARM64.ActiveCfg = Debug|Any CPU
		{552A98A8-74C6-42E7-B2D4-E46DDFCEA393}.Debug|ARM64.Build.0 = Debug|Any CPU
		{552A98A8-74C6-42E7-B2D4-E46DDFCEA393}.Debug|ARM64.Deploy.0 = Debug|Any CPU
		{552A98A8-74C6-42E7-B2D4-E46DDFCEA393}.Debug|iPhone.ActiveCfg = Debug|Any CPU
		{552A98A8-74C6-42E7-B2D4-E46DDFCEA393}.Debug|iPhone.Build.0 = Debug|Any CPU
		{552A98A8-74C6-42E7-B2D4-E46DDFCEA393}.Debug|iPhone.Deploy.0 = Debug|Any CPU
		{552A98A8-74C6-42E7-B2D4-E46DDFCEA393}.Debug|iPhoneSimulator.ActiveCfg = Debug|Any CPU
		{552A98A8-74C6-42E7-B2D4-E46DDFCEA393}.Debug|iPhoneSimulator.Build.0 = Debug|Any CPU
		{552A98A8-74C6-42E7-B2D4-E46DDFCEA393}.Debug|iPhoneSimulator.Deploy.0 = Debug|Any CPU
		{552A98A8-74C6-42E7-B2D4-E46DDFCEA393}.Debug|x64.ActiveCfg = Debug|Any CPU
		{552A98A8-74C6-42E7-B2D4-E46DDFCEA393}.Debug|x64.Build.0 = Debug|Any CPU
		{552A98A8-74C6-42E7-B2D4-E46DDFCEA393}.Debug|x64.Deploy.0 = Debug|Any CPU
		{552A98A8-74C6-42E7-B2D4-E46DDFCEA393}.Debug|x86.ActiveCfg = Debug|Any CPU
		{552A98A8-74C6-42E7-B2D4-E46DDFCEA393}.Debug|x86.Build.0 = Debug|Any CPU
		{552A98A8-74C6-42E7-B2D4-E46DDFCEA393}.Debug|x86.Deploy.0 = Debug|Any CPU
		{552A98A8-74C6-42E7-B2D4-E46DDFCEA393}.Release|Any CPU.ActiveCfg = Release|Any CPU
		{552A98A8-74C6-42E7-B2D4-E46DDFCEA393}.Release|Any CPU.Build.0 = Release|Any CPU
		{552A98A8-74C6-42E7-B2D4-E46DDFCEA393}.Release|Any CPU.Deploy.0 = Release|Any CPU
		{552A98A8-74C6-42E7-B2D4-E46DDFCEA393}.Release|ARM.ActiveCfg = Release|Any CPU
		{552A98A8-74C6-42E7-B2D4-E46DDFCEA393}.Release|ARM.Build.0 = Release|Any CPU
		{552A98A8-74C6-42E7-B2D4-E46DDFCEA393}.Release|ARM.Deploy.0 = Release|Any CPU
		{552A98A8-74C6-42E7-B2D4-E46DDFCEA393}.Release|ARM64.ActiveCfg = Release|Any CPU
		{552A98A8-74C6-42E7-B2D4-E46DDFCEA393}.Release|ARM64.Build.0 = Release|Any CPU
		{552A98A8-74C6-42E7-B2D4-E46DDFCEA393}.Release|ARM64.Deploy.0 = Release|Any CPU
		{552A98A8-74C6-42E7-B2D4-E46DDFCEA393}.Release|iPhone.ActiveCfg = Release|Any CPU
		{552A98A8-74C6-42E7-B2D4-E46DDFCEA393}.Release|iPhone.Build.0 = Release|Any CPU
		{552A98A8-74C6-42E7-B2D4-E46DDFCEA393}.Release|iPhone.Deploy.0 = Release|Any CPU
		{552A98A8-74C6-42E7-B2D4-E46DDFCEA393}.Release|iPhoneSimulator.ActiveCfg = Release|Any CPU
		{552A98A8-74C6-42E7-B2D4-E46DDFCEA393}.Release|iPhoneSimulator.Build.0 = Release|Any CPU
		{552A98A8-74C6-42E7-B2D4-E46DDFCEA393}.Release|iPhoneSimulator.Deploy.0 = Release|Any CPU
		{552A98A8-74C6-42E7-B2D4-E46DDFCEA393}.Release|x64.ActiveCfg = Release|Any CPU
		{552A98A8-74C6-42E7-B2D4-E46DDFCEA393}.Release|x64.Build.0 = Release|Any CPU
		{552A98A8-74C6-42E7-B2D4-E46DDFCEA393}.Release|x64.Deploy.0 = Release|Any CPU
		{552A98A8-74C6-42E7-B2D4-E46DDFCEA393}.Release|x86.ActiveCfg = Release|Any CPU
		{552A98A8-74C6-42E7-B2D4-E46DDFCEA393}.Release|x86.Build.0 = Release|Any CPU
		{552A98A8-74C6-42E7-B2D4-E46DDFCEA393}.Release|x86.Deploy.0 = Release|Any CPU
		{8E4E2083-4A20-4926-97DE-2E1709D9704B}.Ad-Hoc|Any CPU.ActiveCfg = Ad-Hoc|iPhoneSimulator
		{8E4E2083-4A20-4926-97DE-2E1709D9704B}.Ad-Hoc|Any CPU.Build.0 = Ad-Hoc|iPhoneSimulator
		{8E4E2083-4A20-4926-97DE-2E1709D9704B}.Ad-Hoc|ARM.ActiveCfg = Ad-Hoc|iPhoneSimulator
		{8E4E2083-4A20-4926-97DE-2E1709D9704B}.Ad-Hoc|ARM.Build.0 = Ad-Hoc|iPhoneSimulator
		{8E4E2083-4A20-4926-97DE-2E1709D9704B}.Ad-Hoc|ARM64.ActiveCfg = Ad-Hoc|iPhoneSimulator
		{8E4E2083-4A20-4926-97DE-2E1709D9704B}.Ad-Hoc|ARM64.Build.0 = Ad-Hoc|iPhoneSimulator
		{8E4E2083-4A20-4926-97DE-2E1709D9704B}.Ad-Hoc|iPhone.ActiveCfg = Ad-Hoc|iPhone
		{8E4E2083-4A20-4926-97DE-2E1709D9704B}.Ad-Hoc|iPhone.Build.0 = Ad-Hoc|iPhone
		{8E4E2083-4A20-4926-97DE-2E1709D9704B}.Ad-Hoc|iPhoneSimulator.ActiveCfg = Ad-Hoc|iPhoneSimulator
		{8E4E2083-4A20-4926-97DE-2E1709D9704B}.Ad-Hoc|iPhoneSimulator.Build.0 = Ad-Hoc|iPhoneSimulator
		{8E4E2083-4A20-4926-97DE-2E1709D9704B}.Ad-Hoc|x64.ActiveCfg = Ad-Hoc|iPhoneSimulator
		{8E4E2083-4A20-4926-97DE-2E1709D9704B}.Ad-Hoc|x64.Build.0 = Ad-Hoc|iPhoneSimulator
		{8E4E2083-4A20-4926-97DE-2E1709D9704B}.Ad-Hoc|x86.ActiveCfg = Ad-Hoc|iPhoneSimulator
		{8E4E2083-4A20-4926-97DE-2E1709D9704B}.Ad-Hoc|x86.Build.0 = Ad-Hoc|iPhoneSimulator
		{8E4E2083-4A20-4926-97DE-2E1709D9704B}.AppStore|Any CPU.ActiveCfg = AppStore|iPhoneSimulator
		{8E4E2083-4A20-4926-97DE-2E1709D9704B}.AppStore|Any CPU.Build.0 = AppStore|iPhoneSimulator
		{8E4E2083-4A20-4926-97DE-2E1709D9704B}.AppStore|ARM.ActiveCfg = AppStore|iPhoneSimulator
		{8E4E2083-4A20-4926-97DE-2E1709D9704B}.AppStore|ARM.Build.0 = AppStore|iPhoneSimulator
		{8E4E2083-4A20-4926-97DE-2E1709D9704B}.AppStore|ARM64.ActiveCfg = AppStore|iPhoneSimulator
		{8E4E2083-4A20-4926-97DE-2E1709D9704B}.AppStore|ARM64.Build.0 = AppStore|iPhoneSimulator
		{8E4E2083-4A20-4926-97DE-2E1709D9704B}.AppStore|iPhone.ActiveCfg = AppStore|iPhone
		{8E4E2083-4A20-4926-97DE-2E1709D9704B}.AppStore|iPhone.Build.0 = AppStore|iPhone
		{8E4E2083-4A20-4926-97DE-2E1709D9704B}.AppStore|iPhoneSimulator.ActiveCfg = AppStore|iPhoneSimulator
		{8E4E2083-4A20-4926-97DE-2E1709D9704B}.AppStore|iPhoneSimulator.Build.0 = AppStore|iPhoneSimulator
		{8E4E2083-4A20-4926-97DE-2E1709D9704B}.AppStore|x64.ActiveCfg = AppStore|iPhoneSimulator
		{8E4E2083-4A20-4926-97DE-2E1709D9704B}.AppStore|x64.Build.0 = AppStore|iPhoneSimulator
		{8E4E2083-4A20-4926-97DE-2E1709D9704B}.AppStore|x86.ActiveCfg = AppStore|iPhoneSimulator
		{8E4E2083-4A20-4926-97DE-2E1709D9704B}.AppStore|x86.Build.0 = AppStore|iPhoneSimulator
		{8E4E2083-4A20-4926-97DE-2E1709D9704B}.Debug|Any CPU.ActiveCfg = Debug|iPhoneSimulator
		{8E4E2083-4A20-4926-97DE-2E1709D9704B}.Debug|Any CPU.Build.0 = Debug|iPhoneSimulator
		{8E4E2083-4A20-4926-97DE-2E1709D9704B}.Debug|ARM.ActiveCfg = Debug|iPhoneSimulator
		{8E4E2083-4A20-4926-97DE-2E1709D9704B}.Debug|ARM.Build.0 = Debug|iPhoneSimulator
		{8E4E2083-4A20-4926-97DE-2E1709D9704B}.Debug|ARM64.ActiveCfg = Debug|iPhoneSimulator
		{8E4E2083-4A20-4926-97DE-2E1709D9704B}.Debug|ARM64.Build.0 = Debug|iPhoneSimulator
		{8E4E2083-4A20-4926-97DE-2E1709D9704B}.Debug|iPhone.ActiveCfg = Debug|iPhone
		{8E4E2083-4A20-4926-97DE-2E1709D9704B}.Debug|iPhone.Build.0 = Debug|iPhone
		{8E4E2083-4A20-4926-97DE-2E1709D9704B}.Debug|iPhoneSimulator.ActiveCfg = Debug|iPhoneSimulator
		{8E4E2083-4A20-4926-97DE-2E1709D9704B}.Debug|iPhoneSimulator.Build.0 = Debug|iPhoneSimulator
		{8E4E2083-4A20-4926-97DE-2E1709D9704B}.Debug|x64.ActiveCfg = Debug|iPhoneSimulator
		{8E4E2083-4A20-4926-97DE-2E1709D9704B}.Debug|x64.Build.0 = Debug|iPhoneSimulator
		{8E4E2083-4A20-4926-97DE-2E1709D9704B}.Debug|x86.ActiveCfg = Debug|iPhoneSimulator
		{8E4E2083-4A20-4926-97DE-2E1709D9704B}.Debug|x86.Build.0 = Debug|iPhoneSimulator
		{8E4E2083-4A20-4926-97DE-2E1709D9704B}.Release|Any CPU.ActiveCfg = Release|iPhoneSimulator
		{8E4E2083-4A20-4926-97DE-2E1709D9704B}.Release|Any CPU.Build.0 = Release|iPhoneSimulator
		{8E4E2083-4A20-4926-97DE-2E1709D9704B}.Release|ARM.ActiveCfg = Release|iPhoneSimulator
		{8E4E2083-4A20-4926-97DE-2E1709D9704B}.Release|ARM.Build.0 = Release|iPhoneSimulator
		{8E4E2083-4A20-4926-97DE-2E1709D9704B}.Release|ARM64.ActiveCfg = Release|iPhoneSimulator
		{8E4E2083-4A20-4926-97DE-2E1709D9704B}.Release|ARM64.Build.0 = Release|iPhoneSimulator
		{8E4E2083-4A20-4926-97DE-2E1709D9704B}.Release|iPhone.ActiveCfg = Release|iPhone
		{8E4E2083-4A20-4926-97DE-2E1709D9704B}.Release|iPhone.Build.0 = Release|iPhone
		{8E4E2083-4A20-4926-97DE-2E1709D9704B}.Release|iPhoneSimulator.ActiveCfg = Release|iPhoneSimulator
		{8E4E2083-4A20-4926-97DE-2E1709D9704B}.Release|iPhoneSimulator.Build.0 = Release|iPhoneSimulator
		{8E4E2083-4A20-4926-97DE-2E1709D9704B}.Release|x64.ActiveCfg = Release|iPhoneSimulator
		{8E4E2083-4A20-4926-97DE-2E1709D9704B}.Release|x64.Build.0 = Release|iPhoneSimulator
		{8E4E2083-4A20-4926-97DE-2E1709D9704B}.Release|x86.ActiveCfg = Release|iPhoneSimulator
		{8E4E2083-4A20-4926-97DE-2E1709D9704B}.Release|x86.Build.0 = Release|iPhoneSimulator
		{BAA215E9-E7AA-4F89-B907-9D687FB9F273}.Ad-Hoc|Any CPU.ActiveCfg = Debug|x64
		{BAA215E9-E7AA-4F89-B907-9D687FB9F273}.Ad-Hoc|Any CPU.Build.0 = Debug|x64
		{BAA215E9-E7AA-4F89-B907-9D687FB9F273}.Ad-Hoc|Any CPU.Deploy.0 = Debug|x64
		{BAA215E9-E7AA-4F89-B907-9D687FB9F273}.Ad-Hoc|ARM.ActiveCfg = Debug|ARM
		{BAA215E9-E7AA-4F89-B907-9D687FB9F273}.Ad-Hoc|ARM.Build.0 = Debug|ARM
		{BAA215E9-E7AA-4F89-B907-9D687FB9F273}.Ad-Hoc|ARM.Deploy.0 = Debug|ARM
		{BAA215E9-E7AA-4F89-B907-9D687FB9F273}.Ad-Hoc|ARM64.ActiveCfg = Debug|ARM64
		{BAA215E9-E7AA-4F89-B907-9D687FB9F273}.Ad-Hoc|ARM64.Build.0 = Debug|ARM64
		{BAA215E9-E7AA-4F89-B907-9D687FB9F273}.Ad-Hoc|ARM64.Deploy.0 = Debug|ARM64
		{BAA215E9-E7AA-4F89-B907-9D687FB9F273}.Ad-Hoc|iPhone.ActiveCfg = Debug|x64
		{BAA215E9-E7AA-4F89-B907-9D687FB9F273}.Ad-Hoc|iPhone.Build.0 = Debug|x64
		{BAA215E9-E7AA-4F89-B907-9D687FB9F273}.Ad-Hoc|iPhone.Deploy.0 = Debug|x64
		{BAA215E9-E7AA-4F89-B907-9D687FB9F273}.Ad-Hoc|iPhoneSimulator.ActiveCfg = Debug|x64
		{BAA215E9-E7AA-4F89-B907-9D687FB9F273}.Ad-Hoc|iPhoneSimulator.Build.0 = Debug|x64
		{BAA215E9-E7AA-4F89-B907-9D687FB9F273}.Ad-Hoc|iPhoneSimulator.Deploy.0 = Debug|x64
		{BAA215E9-E7AA-4F89-B907-9D687FB9F273}.Ad-Hoc|x64.ActiveCfg = Debug|x64
		{BAA215E9-E7AA-4F89-B907-9D687FB9F273}.Ad-Hoc|x64.Build.0 = Debug|x64
		{BAA215E9-E7AA-4F89-B907-9D687FB9F273}.Ad-Hoc|x64.Deploy.0 = Debug|x64
		{BAA215E9-E7AA-4F89-B907-9D687FB9F273}.Ad-Hoc|x86.ActiveCfg = Debug|x86
		{BAA215E9-E7AA-4F89-B907-9D687FB9F273}.Ad-Hoc|x86.Build.0 = Debug|x86
		{BAA215E9-E7AA-4F89-B907-9D687FB9F273}.Ad-Hoc|x86.Deploy.0 = Debug|x86
		{BAA215E9-E7AA-4F89-B907-9D687FB9F273}.AppStore|Any CPU.ActiveCfg = Debug|x64
		{BAA215E9-E7AA-4F89-B907-9D687FB9F273}.AppStore|Any CPU.Build.0 = Debug|x64
		{BAA215E9-E7AA-4F89-B907-9D687FB9F273}.AppStore|Any CPU.Deploy.0 = Debug|x64
		{BAA215E9-E7AA-4F89-B907-9D687FB9F273}.AppStore|ARM.ActiveCfg = Debug|ARM
		{BAA215E9-E7AA-4F89-B907-9D687FB9F273}.AppStore|ARM.Build.0 = Debug|ARM
		{BAA215E9-E7AA-4F89-B907-9D687FB9F273}.AppStore|ARM.Deploy.0 = Debug|ARM
		{BAA215E9-E7AA-4F89-B907-9D687FB9F273}.AppStore|ARM64.ActiveCfg = Debug|ARM64
		{BAA215E9-E7AA-4F89-B907-9D687FB9F273}.AppStore|ARM64.Build.0 = Debug|ARM64
		{BAA215E9-E7AA-4F89-B907-9D687FB9F273}.AppStore|ARM64.Deploy.0 = Debug|ARM64
		{BAA215E9-E7AA-4F89-B907-9D687FB9F273}.AppStore|iPhone.ActiveCfg = Debug|x64
		{BAA215E9-E7AA-4F89-B907-9D687FB9F273}.AppStore|iPhone.Build.0 = Debug|x64
		{BAA215E9-E7AA-4F89-B907-9D687FB9F273}.AppStore|iPhone.Deploy.0 = Debug|x64
		{BAA215E9-E7AA-4F89-B907-9D687FB9F273}.AppStore|iPhoneSimulator.ActiveCfg = Debug|x64
		{BAA215E9-E7AA-4F89-B907-9D687FB9F273}.AppStore|iPhoneSimulator.Build.0 = Debug|x64
		{BAA215E9-E7AA-4F89-B907-9D687FB9F273}.AppStore|iPhoneSimulator.Deploy.0 = Debug|x64
		{BAA215E9-E7AA-4F89-B907-9D687FB9F273}.AppStore|x64.ActiveCfg = Debug|x64
		{BAA215E9-E7AA-4F89-B907-9D687FB9F273}.AppStore|x64.Build.0 = Debug|x64
		{BAA215E9-E7AA-4F89-B907-9D687FB9F273}.AppStore|x64.Deploy.0 = Debug|x64
		{BAA215E9-E7AA-4F89-B907-9D687FB9F273}.AppStore|x86.ActiveCfg = Debug|x86
		{BAA215E9-E7AA-4F89-B907-9D687FB9F273}.AppStore|x86.Build.0 = Debug|x86
		{BAA215E9-E7AA-4F89-B907-9D687FB9F273}.AppStore|x86.Deploy.0 = Debug|x86
		{BAA215E9-E7AA-4F89-B907-9D687FB9F273}.Debug|Any CPU.ActiveCfg = Debug|x64
		{BAA215E9-E7AA-4F89-B907-9D687FB9F273}.Debug|Any CPU.Build.0 = Debug|x64
		{BAA215E9-E7AA-4F89-B907-9D687FB9F273}.Debug|Any CPU.Deploy.0 = Debug|x64
		{BAA215E9-E7AA-4F89-B907-9D687FB9F273}.Debug|ARM.ActiveCfg = Debug|ARM
		{BAA215E9-E7AA-4F89-B907-9D687FB9F273}.Debug|ARM.Build.0 = Debug|ARM
		{BAA215E9-E7AA-4F89-B907-9D687FB9F273}.Debug|ARM.Deploy.0 = Debug|ARM
		{BAA215E9-E7AA-4F89-B907-9D687FB9F273}.Debug|ARM64.ActiveCfg = Debug|ARM64
		{BAA215E9-E7AA-4F89-B907-9D687FB9F273}.Debug|ARM64.Build.0 = Debug|ARM64
		{BAA215E9-E7AA-4F89-B907-9D687FB9F273}.Debug|ARM64.Deploy.0 = Debug|ARM64
		{BAA215E9-E7AA-4F89-B907-9D687FB9F273}.Debug|iPhone.ActiveCfg = Debug|x64
		{BAA215E9-E7AA-4F89-B907-9D687FB9F273}.Debug|iPhone.Build.0 = Debug|x64
		{BAA215E9-E7AA-4F89-B907-9D687FB9F273}.Debug|iPhone.Deploy.0 = Debug|x64
		{BAA215E9-E7AA-4F89-B907-9D687FB9F273}.Debug|iPhoneSimulator.ActiveCfg = Debug|x64
		{BAA215E9-E7AA-4F89-B907-9D687FB9F273}.Debug|iPhoneSimulator.Build.0 = Debug|x64
		{BAA215E9-E7AA-4F89-B907-9D687FB9F273}.Debug|iPhoneSimulator.Deploy.0 = Debug|x64
		{BAA215E9-E7AA-4F89-B907-9D687FB9F273}.Debug|x64.ActiveCfg = Debug|x64
		{BAA215E9-E7AA-4F89-B907-9D687FB9F273}.Debug|x64.Build.0 = Debug|x64
		{BAA215E9-E7AA-4F89-B907-9D687FB9F273}.Debug|x64.Deploy.0 = Debug|x64
		{BAA215E9-E7AA-4F89-B907-9D687FB9F273}.Debug|x86.ActiveCfg = Debug|x86
		{BAA215E9-E7AA-4F89-B907-9D687FB9F273}.Debug|x86.Build.0 = Debug|x86
		{BAA215E9-E7AA-4F89-B907-9D687FB9F273}.Debug|x86.Deploy.0 = Debug|x86
		{BAA215E9-E7AA-4F89-B907-9D687FB9F273}.Release|Any CPU.ActiveCfg = Release|x64
		{BAA215E9-E7AA-4F89-B907-9D687FB9F273}.Release|Any CPU.Build.0 = Release|x64
		{BAA215E9-E7AA-4F89-B907-9D687FB9F273}.Release|Any CPU.Deploy.0 = Release|x64
		{BAA215E9-E7AA-4F89-B907-9D687FB9F273}.Release|ARM.ActiveCfg = Release|ARM
		{BAA215E9-E7AA-4F89-B907-9D687FB9F273}.Release|ARM.Build.0 = Release|ARM
		{BAA215E9-E7AA-4F89-B907-9D687FB9F273}.Release|ARM.Deploy.0 = Release|ARM
		{BAA215E9-E7AA-4F89-B907-9D687FB9F273}.Release|ARM64.ActiveCfg = Release|ARM64
		{BAA215E9-E7AA-4F89-B907-9D687FB9F273}.Release|ARM64.Build.0 = Release|ARM64
		{BAA215E9-E7AA-4F89-B907-9D687FB9F273}.Release|ARM64.Deploy.0 = Release|ARM64
		{BAA215E9-E7AA-4F89-B907-9D687FB9F273}.Release|iPhone.ActiveCfg = Release|x64
		{BAA215E9-E7AA-4F89-B907-9D687FB9F273}.Release|iPhone.Build.0 = Release|x64
		{BAA215E9-E7AA-4F89-B907-9D687FB9F273}.Release|iPhone.Deploy.0 = Release|x64
		{BAA215E9-E7AA-4F89-B907-9D687FB9F273}.Release|iPhoneSimulator.ActiveCfg = Release|x64
		{BAA215E9-E7AA-4F89-B907-9D687FB9F273}.Release|iPhoneSimulator.Build.0 = Release|x64
		{BAA215E9-E7AA-4F89-B907-9D687FB9F273}.Release|iPhoneSimulator.Deploy.0 = Release|x64
		{BAA215E9-E7AA-4F89-B907-9D687FB9F273}.Release|x64.ActiveCfg = Release|x64
		{BAA215E9-E7AA-4F89-B907-9D687FB9F273}.Release|x64.Build.0 = Release|x64
		{BAA215E9-E7AA-4F89-B907-9D687FB9F273}.Release|x64.Deploy.0 = Release|x64
		{BAA215E9-E7AA-4F89-B907-9D687FB9F273}.Release|x86.ActiveCfg = Release|x86
		{BAA215E9-E7AA-4F89-B907-9D687FB9F273}.Release|x86.Build.0 = Release|x86
		{BAA215E9-E7AA-4F89-B907-9D687FB9F273}.Release|x86.Deploy.0 = Release|x86
		{6F38F0DA-7E15-4186-BECE-3BF701D676E4}.Ad-Hoc|Any CPU.ActiveCfg = Debug|Any CPU
		{6F38F0DA-7E15-4186-BECE-3BF701D676E4}.Ad-Hoc|Any CPU.Build.0 = Debug|Any CPU
		{6F38F0DA-7E15-4186-BECE-3BF701D676E4}.Ad-Hoc|ARM.ActiveCfg = Debug|Any CPU
		{6F38F0DA-7E15-4186-BECE-3BF701D676E4}.Ad-Hoc|ARM.Build.0 = Debug|Any CPU
		{6F38F0DA-7E15-4186-BECE-3BF701D676E4}.Ad-Hoc|ARM64.ActiveCfg = Debug|Any CPU
		{6F38F0DA-7E15-4186-BECE-3BF701D676E4}.Ad-Hoc|ARM64.Build.0 = Debug|Any CPU
		{6F38F0DA-7E15-4186-BECE-3BF701D676E4}.Ad-Hoc|iPhone.ActiveCfg = Debug|Any CPU
		{6F38F0DA-7E15-4186-BECE-3BF701D676E4}.Ad-Hoc|iPhone.Build.0 = Debug|Any CPU
		{6F38F0DA-7E15-4186-BECE-3BF701D676E4}.Ad-Hoc|iPhoneSimulator.ActiveCfg = Debug|Any CPU
		{6F38F0DA-7E15-4186-BECE-3BF701D676E4}.Ad-Hoc|iPhoneSimulator.Build.0 = Debug|Any CPU
		{6F38F0DA-7E15-4186-BECE-3BF701D676E4}.Ad-Hoc|x64.ActiveCfg = Debug|Any CPU
		{6F38F0DA-7E15-4186-BECE-3BF701D676E4}.Ad-Hoc|x64.Build.0 = Debug|Any CPU
		{6F38F0DA-7E15-4186-BECE-3BF701D676E4}.Ad-Hoc|x86.ActiveCfg = Debug|Any CPU
		{6F38F0DA-7E15-4186-BECE-3BF701D676E4}.Ad-Hoc|x86.Build.0 = Debug|Any CPU
		{6F38F0DA-7E15-4186-BECE-3BF701D676E4}.AppStore|Any CPU.ActiveCfg = Debug|Any CPU
		{6F38F0DA-7E15-4186-BECE-3BF701D676E4}.AppStore|Any CPU.Build.0 = Debug|Any CPU
		{6F38F0DA-7E15-4186-BECE-3BF701D676E4}.AppStore|ARM.ActiveCfg = Debug|Any CPU
		{6F38F0DA-7E15-4186-BECE-3BF701D676E4}.AppStore|ARM.Build.0 = Debug|Any CPU
		{6F38F0DA-7E15-4186-BECE-3BF701D676E4}.AppStore|ARM64.ActiveCfg = Debug|Any CPU
		{6F38F0DA-7E15-4186-BECE-3BF701D676E4}.AppStore|ARM64.Build.0 = Debug|Any CPU
		{6F38F0DA-7E15-4186-BECE-3BF701D676E4}.AppStore|iPhone.ActiveCfg = Debug|Any CPU
		{6F38F0DA-7E15-4186-BECE-3BF701D676E4}.AppStore|iPhone.Build.0 = Debug|Any CPU
		{6F38F0DA-7E15-4186-BECE-3BF701D676E4}.AppStore|iPhoneSimulator.ActiveCfg = Debug|Any CPU
		{6F38F0DA-7E15-4186-BECE-3BF701D676E4}.AppStore|iPhoneSimulator.Build.0 = Debug|Any CPU
		{6F38F0DA-7E15-4186-BECE-3BF701D676E4}.AppStore|x64.ActiveCfg = Debug|Any CPU
		{6F38F0DA-7E15-4186-BECE-3BF701D676E4}.AppStore|x64.Build.0 = Debug|Any CPU
		{6F38F0DA-7E15-4186-BECE-3BF701D676E4}.AppStore|x86.ActiveCfg = Debug|Any CPU
		{6F38F0DA-7E15-4186-BECE-3BF701D676E4}.AppStore|x86.Build.0 = Debug|Any CPU
		{6F38F0DA-7E15-4186-BECE-3BF701D676E4}.Debug|Any CPU.ActiveCfg = Debug|Any CPU
		{6F38F0DA-7E15-4186-BECE-3BF701D676E4}.Debug|Any CPU.Build.0 = Debug|Any CPU
		{6F38F0DA-7E15-4186-BECE-3BF701D676E4}.Debug|ARM.ActiveCfg = Debug|Any CPU
		{6F38F0DA-7E15-4186-BECE-3BF701D676E4}.Debug|ARM.Build.0 = Debug|Any CPU
		{6F38F0DA-7E15-4186-BECE-3BF701D676E4}.Debug|ARM64.ActiveCfg = Debug|Any CPU
		{6F38F0DA-7E15-4186-BECE-3BF701D676E4}.Debug|ARM64.Build.0 = Debug|Any CPU
		{6F38F0DA-7E15-4186-BECE-3BF701D676E4}.Debug|iPhone.ActiveCfg = Debug|Any CPU
		{6F38F0DA-7E15-4186-BECE-3BF701D676E4}.Debug|iPhone.Build.0 = Debug|Any CPU
		{6F38F0DA-7E15-4186-BECE-3BF701D676E4}.Debug|iPhoneSimulator.ActiveCfg = Debug|Any CPU
		{6F38F0DA-7E15-4186-BECE-3BF701D676E4}.Debug|iPhoneSimulator.Build.0 = Debug|Any CPU
		{6F38F0DA-7E15-4186-BECE-3BF701D676E4}.Debug|x64.ActiveCfg = Debug|Any CPU
		{6F38F0DA-7E15-4186-BECE-3BF701D676E4}.Debug|x64.Build.0 = Debug|Any CPU
		{6F38F0DA-7E15-4186-BECE-3BF701D676E4}.Debug|x86.ActiveCfg = Debug|Any CPU
		{6F38F0DA-7E15-4186-BECE-3BF701D676E4}.Debug|x86.Build.0 = Debug|Any CPU
		{6F38F0DA-7E15-4186-BECE-3BF701D676E4}.Release|Any CPU.ActiveCfg = Release|Any CPU
		{6F38F0DA-7E15-4186-BECE-3BF701D676E4}.Release|Any CPU.Build.0 = Release|Any CPU
		{6F38F0DA-7E15-4186-BECE-3BF701D676E4}.Release|ARM.ActiveCfg = Release|Any CPU
		{6F38F0DA-7E15-4186-BECE-3BF701D676E4}.Release|ARM.Build.0 = Release|Any CPU
		{6F38F0DA-7E15-4186-BECE-3BF701D676E4}.Release|ARM64.ActiveCfg = Release|Any CPU
		{6F38F0DA-7E15-4186-BECE-3BF701D676E4}.Release|ARM64.Build.0 = Release|Any CPU
		{6F38F0DA-7E15-4186-BECE-3BF701D676E4}.Release|iPhone.ActiveCfg = Release|Any CPU
		{6F38F0DA-7E15-4186-BECE-3BF701D676E4}.Release|iPhone.Build.0 = Release|Any CPU
		{6F38F0DA-7E15-4186-BECE-3BF701D676E4}.Release|iPhoneSimulator.ActiveCfg = Release|Any CPU
		{6F38F0DA-7E15-4186-BECE-3BF701D676E4}.Release|iPhoneSimulator.Build.0 = Release|Any CPU
		{6F38F0DA-7E15-4186-BECE-3BF701D676E4}.Release|x64.ActiveCfg = Release|Any CPU
		{6F38F0DA-7E15-4186-BECE-3BF701D676E4}.Release|x64.Build.0 = Release|Any CPU
		{6F38F0DA-7E15-4186-BECE-3BF701D676E4}.Release|x86.ActiveCfg = Release|Any CPU
		{6F38F0DA-7E15-4186-BECE-3BF701D676E4}.Release|x86.Build.0 = Release|Any CPU
		{B837DC98-CEDE-4ADC-8684-E0648BD00951}.Ad-Hoc|Any CPU.ActiveCfg = Debug|iPhoneSimulator
		{B837DC98-CEDE-4ADC-8684-E0648BD00951}.Ad-Hoc|Any CPU.Build.0 = Debug|iPhoneSimulator
		{B837DC98-CEDE-4ADC-8684-E0648BD00951}.Ad-Hoc|ARM.ActiveCfg = Debug|iPhoneSimulator
		{B837DC98-CEDE-4ADC-8684-E0648BD00951}.Ad-Hoc|ARM.Build.0 = Debug|iPhoneSimulator
		{B837DC98-CEDE-4ADC-8684-E0648BD00951}.Ad-Hoc|ARM64.ActiveCfg = Debug|iPhoneSimulator
		{B837DC98-CEDE-4ADC-8684-E0648BD00951}.Ad-Hoc|ARM64.Build.0 = Debug|iPhoneSimulator
		{B837DC98-CEDE-4ADC-8684-E0648BD00951}.Ad-Hoc|iPhone.ActiveCfg = Debug|iPhoneSimulator
		{B837DC98-CEDE-4ADC-8684-E0648BD00951}.Ad-Hoc|iPhone.Build.0 = Debug|iPhoneSimulator
		{B837DC98-CEDE-4ADC-8684-E0648BD00951}.Ad-Hoc|iPhoneSimulator.ActiveCfg = Debug|iPhoneSimulator
		{B837DC98-CEDE-4ADC-8684-E0648BD00951}.Ad-Hoc|iPhoneSimulator.Build.0 = Debug|iPhoneSimulator
		{B837DC98-CEDE-4ADC-8684-E0648BD00951}.Ad-Hoc|x64.ActiveCfg = Debug|iPhoneSimulator
		{B837DC98-CEDE-4ADC-8684-E0648BD00951}.Ad-Hoc|x64.Build.0 = Debug|iPhoneSimulator
		{B837DC98-CEDE-4ADC-8684-E0648BD00951}.Ad-Hoc|x86.ActiveCfg = Debug|iPhoneSimulator
		{B837DC98-CEDE-4ADC-8684-E0648BD00951}.Ad-Hoc|x86.Build.0 = Debug|iPhoneSimulator
		{B837DC98-CEDE-4ADC-8684-E0648BD00951}.AppStore|Any CPU.ActiveCfg = Debug|iPhoneSimulator
		{B837DC98-CEDE-4ADC-8684-E0648BD00951}.AppStore|Any CPU.Build.0 = Debug|iPhoneSimulator
		{B837DC98-CEDE-4ADC-8684-E0648BD00951}.AppStore|ARM.ActiveCfg = Debug|iPhoneSimulator
		{B837DC98-CEDE-4ADC-8684-E0648BD00951}.AppStore|ARM.Build.0 = Debug|iPhoneSimulator
		{B837DC98-CEDE-4ADC-8684-E0648BD00951}.AppStore|ARM64.ActiveCfg = Debug|iPhoneSimulator
		{B837DC98-CEDE-4ADC-8684-E0648BD00951}.AppStore|ARM64.Build.0 = Debug|iPhoneSimulator
		{B837DC98-CEDE-4ADC-8684-E0648BD00951}.AppStore|iPhone.ActiveCfg = Debug|iPhoneSimulator
		{B837DC98-CEDE-4ADC-8684-E0648BD00951}.AppStore|iPhone.Build.0 = Debug|iPhoneSimulator
		{B837DC98-CEDE-4ADC-8684-E0648BD00951}.AppStore|iPhoneSimulator.ActiveCfg = Debug|iPhoneSimulator
		{B837DC98-CEDE-4ADC-8684-E0648BD00951}.AppStore|iPhoneSimulator.Build.0 = Debug|iPhoneSimulator
		{B837DC98-CEDE-4ADC-8684-E0648BD00951}.AppStore|x64.ActiveCfg = Debug|iPhoneSimulator
		{B837DC98-CEDE-4ADC-8684-E0648BD00951}.AppStore|x64.Build.0 = Debug|iPhoneSimulator
		{B837DC98-CEDE-4ADC-8684-E0648BD00951}.AppStore|x86.ActiveCfg = Debug|iPhoneSimulator
		{B837DC98-CEDE-4ADC-8684-E0648BD00951}.AppStore|x86.Build.0 = Debug|iPhoneSimulator
		{B837DC98-CEDE-4ADC-8684-E0648BD00951}.Debug|Any CPU.ActiveCfg = Debug|iPhoneSimulator
		{B837DC98-CEDE-4ADC-8684-E0648BD00951}.Debug|Any CPU.Build.0 = Debug|iPhoneSimulator
		{B837DC98-CEDE-4ADC-8684-E0648BD00951}.Debug|ARM.ActiveCfg = Debug|iPhoneSimulator
		{B837DC98-CEDE-4ADC-8684-E0648BD00951}.Debug|ARM.Build.0 = Debug|iPhoneSimulator
		{B837DC98-CEDE-4ADC-8684-E0648BD00951}.Debug|ARM64.ActiveCfg = Debug|iPhoneSimulator
		{B837DC98-CEDE-4ADC-8684-E0648BD00951}.Debug|ARM64.Build.0 = Debug|iPhoneSimulator
		{B837DC98-CEDE-4ADC-8684-E0648BD00951}.Debug|iPhone.ActiveCfg = Debug|iPhoneSimulator
		{B837DC98-CEDE-4ADC-8684-E0648BD00951}.Debug|iPhone.Build.0 = Debug|iPhoneSimulator
		{B837DC98-CEDE-4ADC-8684-E0648BD00951}.Debug|iPhoneSimulator.ActiveCfg = Debug|iPhoneSimulator
		{B837DC98-CEDE-4ADC-8684-E0648BD00951}.Debug|iPhoneSimulator.Build.0 = Debug|iPhoneSimulator
		{B837DC98-CEDE-4ADC-8684-E0648BD00951}.Debug|x64.ActiveCfg = Debug|iPhoneSimulator
		{B837DC98-CEDE-4ADC-8684-E0648BD00951}.Debug|x64.Build.0 = Debug|iPhoneSimulator
		{B837DC98-CEDE-4ADC-8684-E0648BD00951}.Debug|x86.ActiveCfg = Debug|iPhoneSimulator
		{B837DC98-CEDE-4ADC-8684-E0648BD00951}.Debug|x86.Build.0 = Debug|iPhoneSimulator
		{B837DC98-CEDE-4ADC-8684-E0648BD00951}.Release|Any CPU.ActiveCfg = Release|iPhoneSimulator
		{B837DC98-CEDE-4ADC-8684-E0648BD00951}.Release|Any CPU.Build.0 = Release|iPhoneSimulator
		{B837DC98-CEDE-4ADC-8684-E0648BD00951}.Release|ARM.ActiveCfg = Release|iPhoneSimulator
		{B837DC98-CEDE-4ADC-8684-E0648BD00951}.Release|ARM.Build.0 = Release|iPhoneSimulator
		{B837DC98-CEDE-4ADC-8684-E0648BD00951}.Release|ARM64.ActiveCfg = Release|iPhoneSimulator
		{B837DC98-CEDE-4ADC-8684-E0648BD00951}.Release|ARM64.Build.0 = Release|iPhoneSimulator
		{B837DC98-CEDE-4ADC-8684-E0648BD00951}.Release|iPhone.ActiveCfg = Release|iPhoneSimulator
		{B837DC98-CEDE-4ADC-8684-E0648BD00951}.Release|iPhone.Build.0 = Release|iPhoneSimulator
		{B837DC98-CEDE-4ADC-8684-E0648BD00951}.Release|iPhoneSimulator.ActiveCfg = Release|iPhoneSimulator
		{B837DC98-CEDE-4ADC-8684-E0648BD00951}.Release|iPhoneSimulator.Build.0 = Release|iPhoneSimulator
		{B837DC98-CEDE-4ADC-8684-E0648BD00951}.Release|x64.ActiveCfg = Release|iPhoneSimulator
		{B837DC98-CEDE-4ADC-8684-E0648BD00951}.Release|x64.Build.0 = Release|iPhoneSimulator
		{B837DC98-CEDE-4ADC-8684-E0648BD00951}.Release|x86.ActiveCfg = Release|iPhoneSimulator
		{B837DC98-CEDE-4ADC-8684-E0648BD00951}.Release|x86.Build.0 = Release|iPhoneSimulator
		{0A364F63-B9D1-4C5F-B203-6F6AE40451DC}.Ad-Hoc|Any CPU.ActiveCfg = Debug|Any CPU
		{0A364F63-B9D1-4C5F-B203-6F6AE40451DC}.Ad-Hoc|Any CPU.Build.0 = Debug|Any CPU
		{0A364F63-B9D1-4C5F-B203-6F6AE40451DC}.Ad-Hoc|ARM.ActiveCfg = Debug|Any CPU
		{0A364F63-B9D1-4C5F-B203-6F6AE40451DC}.Ad-Hoc|ARM.Build.0 = Debug|Any CPU
		{0A364F63-B9D1-4C5F-B203-6F6AE40451DC}.Ad-Hoc|ARM64.ActiveCfg = Debug|Any CPU
		{0A364F63-B9D1-4C5F-B203-6F6AE40451DC}.Ad-Hoc|ARM64.Build.0 = Debug|Any CPU
		{0A364F63-B9D1-4C5F-B203-6F6AE40451DC}.Ad-Hoc|iPhone.ActiveCfg = Debug|Any CPU
		{0A364F63-B9D1-4C5F-B203-6F6AE40451DC}.Ad-Hoc|iPhone.Build.0 = Debug|Any CPU
		{0A364F63-B9D1-4C5F-B203-6F6AE40451DC}.Ad-Hoc|iPhoneSimulator.ActiveCfg = Debug|Any CPU
		{0A364F63-B9D1-4C5F-B203-6F6AE40451DC}.Ad-Hoc|iPhoneSimulator.Build.0 = Debug|Any CPU
		{0A364F63-B9D1-4C5F-B203-6F6AE40451DC}.Ad-Hoc|x64.ActiveCfg = Debug|Any CPU
		{0A364F63-B9D1-4C5F-B203-6F6AE40451DC}.Ad-Hoc|x64.Build.0 = Debug|Any CPU
		{0A364F63-B9D1-4C5F-B203-6F6AE40451DC}.Ad-Hoc|x86.ActiveCfg = Debug|Any CPU
		{0A364F63-B9D1-4C5F-B203-6F6AE40451DC}.Ad-Hoc|x86.Build.0 = Debug|Any CPU
		{0A364F63-B9D1-4C5F-B203-6F6AE40451DC}.AppStore|Any CPU.ActiveCfg = Debug|Any CPU
		{0A364F63-B9D1-4C5F-B203-6F6AE40451DC}.AppStore|Any CPU.Build.0 = Debug|Any CPU
		{0A364F63-B9D1-4C5F-B203-6F6AE40451DC}.AppStore|ARM.ActiveCfg = Debug|Any CPU
		{0A364F63-B9D1-4C5F-B203-6F6AE40451DC}.AppStore|ARM.Build.0 = Debug|Any CPU
		{0A364F63-B9D1-4C5F-B203-6F6AE40451DC}.AppStore|ARM64.ActiveCfg = Debug|Any CPU
		{0A364F63-B9D1-4C5F-B203-6F6AE40451DC}.AppStore|ARM64.Build.0 = Debug|Any CPU
		{0A364F63-B9D1-4C5F-B203-6F6AE40451DC}.AppStore|iPhone.ActiveCfg = Debug|Any CPU
		{0A364F63-B9D1-4C5F-B203-6F6AE40451DC}.AppStore|iPhone.Build.0 = Debug|Any CPU
		{0A364F63-B9D1-4C5F-B203-6F6AE40451DC}.AppStore|iPhoneSimulator.ActiveCfg = Debug|Any CPU
		{0A364F63-B9D1-4C5F-B203-6F6AE40451DC}.AppStore|iPhoneSimulator.Build.0 = Debug|Any CPU
		{0A364F63-B9D1-4C5F-B203-6F6AE40451DC}.AppStore|x64.ActiveCfg = Debug|Any CPU
		{0A364F63-B9D1-4C5F-B203-6F6AE40451DC}.AppStore|x64.Build.0 = Debug|Any CPU
		{0A364F63-B9D1-4C5F-B203-6F6AE40451DC}.AppStore|x86.ActiveCfg = Debug|Any CPU
		{0A364F63-B9D1-4C5F-B203-6F6AE40451DC}.AppStore|x86.Build.0 = Debug|Any CPU
		{0A364F63-B9D1-4C5F-B203-6F6AE40451DC}.Debug|Any CPU.ActiveCfg = Debug|Any CPU
		{0A364F63-B9D1-4C5F-B203-6F6AE40451DC}.Debug|Any CPU.Build.0 = Debug|Any CPU
		{0A364F63-B9D1-4C5F-B203-6F6AE40451DC}.Debug|ARM.ActiveCfg = Debug|Any CPU
		{0A364F63-B9D1-4C5F-B203-6F6AE40451DC}.Debug|ARM.Build.0 = Debug|Any CPU
		{0A364F63-B9D1-4C5F-B203-6F6AE40451DC}.Debug|ARM64.ActiveCfg = Debug|Any CPU
		{0A364F63-B9D1-4C5F-B203-6F6AE40451DC}.Debug|ARM64.Build.0 = Debug|Any CPU
		{0A364F63-B9D1-4C5F-B203-6F6AE40451DC}.Debug|iPhone.ActiveCfg = Debug|Any CPU
		{0A364F63-B9D1-4C5F-B203-6F6AE40451DC}.Debug|iPhone.Build.0 = Debug|Any CPU
		{0A364F63-B9D1-4C5F-B203-6F6AE40451DC}.Debug|iPhoneSimulator.ActiveCfg = Debug|Any CPU
		{0A364F63-B9D1-4C5F-B203-6F6AE40451DC}.Debug|iPhoneSimulator.Build.0 = Debug|Any CPU
		{0A364F63-B9D1-4C5F-B203-6F6AE40451DC}.Debug|x64.ActiveCfg = Debug|Any CPU
		{0A364F63-B9D1-4C5F-B203-6F6AE40451DC}.Debug|x64.Build.0 = Debug|Any CPU
		{0A364F63-B9D1-4C5F-B203-6F6AE40451DC}.Debug|x86.ActiveCfg = Debug|Any CPU
		{0A364F63-B9D1-4C5F-B203-6F6AE40451DC}.Debug|x86.Build.0 = Debug|Any CPU
		{0A364F63-B9D1-4C5F-B203-6F6AE40451DC}.Release|Any CPU.ActiveCfg = Release|Any CPU
		{0A364F63-B9D1-4C5F-B203-6F6AE40451DC}.Release|Any CPU.Build.0 = Release|Any CPU
		{0A364F63-B9D1-4C5F-B203-6F6AE40451DC}.Release|ARM.ActiveCfg = Release|Any CPU
		{0A364F63-B9D1-4C5F-B203-6F6AE40451DC}.Release|ARM.Build.0 = Release|Any CPU
		{0A364F63-B9D1-4C5F-B203-6F6AE40451DC}.Release|ARM64.ActiveCfg = Release|Any CPU
		{0A364F63-B9D1-4C5F-B203-6F6AE40451DC}.Release|ARM64.Build.0 = Release|Any CPU
		{0A364F63-B9D1-4C5F-B203-6F6AE40451DC}.Release|iPhone.ActiveCfg = Release|Any CPU
		{0A364F63-B9D1-4C5F-B203-6F6AE40451DC}.Release|iPhone.Build.0 = Release|Any CPU
		{0A364F63-B9D1-4C5F-B203-6F6AE40451DC}.Release|iPhoneSimulator.ActiveCfg = Release|Any CPU
		{0A364F63-B9D1-4C5F-B203-6F6AE40451DC}.Release|iPhoneSimulator.Build.0 = Release|Any CPU
		{0A364F63-B9D1-4C5F-B203-6F6AE40451DC}.Release|x64.ActiveCfg = Release|Any CPU
		{0A364F63-B9D1-4C5F-B203-6F6AE40451DC}.Release|x64.Build.0 = Release|Any CPU
		{0A364F63-B9D1-4C5F-B203-6F6AE40451DC}.Release|x86.ActiveCfg = Release|Any CPU
		{0A364F63-B9D1-4C5F-B203-6F6AE40451DC}.Release|x86.Build.0 = Release|Any CPU
		{C3E8F0E7-A110-4AA0-B0D5-FDBFC7D4011A}.Ad-Hoc|Any CPU.ActiveCfg = Debug|Any CPU
		{C3E8F0E7-A110-4AA0-B0D5-FDBFC7D4011A}.Ad-Hoc|Any CPU.Build.0 = Debug|Any CPU
		{C3E8F0E7-A110-4AA0-B0D5-FDBFC7D4011A}.Ad-Hoc|ARM.ActiveCfg = Debug|Any CPU
		{C3E8F0E7-A110-4AA0-B0D5-FDBFC7D4011A}.Ad-Hoc|ARM.Build.0 = Debug|Any CPU
		{C3E8F0E7-A110-4AA0-B0D5-FDBFC7D4011A}.Ad-Hoc|ARM64.ActiveCfg = Debug|Any CPU
		{C3E8F0E7-A110-4AA0-B0D5-FDBFC7D4011A}.Ad-Hoc|ARM64.Build.0 = Debug|Any CPU
		{C3E8F0E7-A110-4AA0-B0D5-FDBFC7D4011A}.Ad-Hoc|iPhone.ActiveCfg = Debug|Any CPU
		{C3E8F0E7-A110-4AA0-B0D5-FDBFC7D4011A}.Ad-Hoc|iPhone.Build.0 = Debug|Any CPU
		{C3E8F0E7-A110-4AA0-B0D5-FDBFC7D4011A}.Ad-Hoc|iPhoneSimulator.ActiveCfg = Debug|Any CPU
		{C3E8F0E7-A110-4AA0-B0D5-FDBFC7D4011A}.Ad-Hoc|iPhoneSimulator.Build.0 = Debug|Any CPU
		{C3E8F0E7-A110-4AA0-B0D5-FDBFC7D4011A}.Ad-Hoc|x64.ActiveCfg = Debug|Any CPU
		{C3E8F0E7-A110-4AA0-B0D5-FDBFC7D4011A}.Ad-Hoc|x64.Build.0 = Debug|Any CPU
		{C3E8F0E7-A110-4AA0-B0D5-FDBFC7D4011A}.Ad-Hoc|x86.ActiveCfg = Debug|Any CPU
		{C3E8F0E7-A110-4AA0-B0D5-FDBFC7D4011A}.Ad-Hoc|x86.Build.0 = Debug|Any CPU
		{C3E8F0E7-A110-4AA0-B0D5-FDBFC7D4011A}.AppStore|Any CPU.ActiveCfg = Debug|Any CPU
		{C3E8F0E7-A110-4AA0-B0D5-FDBFC7D4011A}.AppStore|Any CPU.Build.0 = Debug|Any CPU
		{C3E8F0E7-A110-4AA0-B0D5-FDBFC7D4011A}.AppStore|ARM.ActiveCfg = Debug|Any CPU
		{C3E8F0E7-A110-4AA0-B0D5-FDBFC7D4011A}.AppStore|ARM.Build.0 = Debug|Any CPU
		{C3E8F0E7-A110-4AA0-B0D5-FDBFC7D4011A}.AppStore|ARM64.ActiveCfg = Debug|Any CPU
		{C3E8F0E7-A110-4AA0-B0D5-FDBFC7D4011A}.AppStore|ARM64.Build.0 = Debug|Any CPU
		{C3E8F0E7-A110-4AA0-B0D5-FDBFC7D4011A}.AppStore|iPhone.ActiveCfg = Debug|Any CPU
		{C3E8F0E7-A110-4AA0-B0D5-FDBFC7D4011A}.AppStore|iPhone.Build.0 = Debug|Any CPU
		{C3E8F0E7-A110-4AA0-B0D5-FDBFC7D4011A}.AppStore|iPhoneSimulator.ActiveCfg = Debug|Any CPU
		{C3E8F0E7-A110-4AA0-B0D5-FDBFC7D4011A}.AppStore|iPhoneSimulator.Build.0 = Debug|Any CPU
		{C3E8F0E7-A110-4AA0-B0D5-FDBFC7D4011A}.AppStore|x64.ActiveCfg = Debug|Any CPU
		{C3E8F0E7-A110-4AA0-B0D5-FDBFC7D4011A}.AppStore|x64.Build.0 = Debug|Any CPU
		{C3E8F0E7-A110-4AA0-B0D5-FDBFC7D4011A}.AppStore|x86.ActiveCfg = Debug|Any CPU
		{C3E8F0E7-A110-4AA0-B0D5-FDBFC7D4011A}.AppStore|x86.Build.0 = Debug|Any CPU
		{C3E8F0E7-A110-4AA0-B0D5-FDBFC7D4011A}.Debug|Any CPU.ActiveCfg = Debug|Any CPU
		{C3E8F0E7-A110-4AA0-B0D5-FDBFC7D4011A}.Debug|Any CPU.Build.0 = Debug|Any CPU
		{C3E8F0E7-A110-4AA0-B0D5-FDBFC7D4011A}.Debug|ARM.ActiveCfg = Debug|Any CPU
		{C3E8F0E7-A110-4AA0-B0D5-FDBFC7D4011A}.Debug|ARM.Build.0 = Debug|Any CPU
		{C3E8F0E7-A110-4AA0-B0D5-FDBFC7D4011A}.Debug|ARM64.ActiveCfg = Debug|Any CPU
		{C3E8F0E7-A110-4AA0-B0D5-FDBFC7D4011A}.Debug|ARM64.Build.0 = Debug|Any CPU
		{C3E8F0E7-A110-4AA0-B0D5-FDBFC7D4011A}.Debug|iPhone.ActiveCfg = Debug|Any CPU
		{C3E8F0E7-A110-4AA0-B0D5-FDBFC7D4011A}.Debug|iPhone.Build.0 = Debug|Any CPU
		{C3E8F0E7-A110-4AA0-B0D5-FDBFC7D4011A}.Debug|iPhoneSimulator.ActiveCfg = Debug|Any CPU
		{C3E8F0E7-A110-4AA0-B0D5-FDBFC7D4011A}.Debug|iPhoneSimulator.Build.0 = Debug|Any CPU
		{C3E8F0E7-A110-4AA0-B0D5-FDBFC7D4011A}.Debug|x64.ActiveCfg = Debug|Any CPU
		{C3E8F0E7-A110-4AA0-B0D5-FDBFC7D4011A}.Debug|x64.Build.0 = Debug|Any CPU
		{C3E8F0E7-A110-4AA0-B0D5-FDBFC7D4011A}.Debug|x86.ActiveCfg = Debug|Any CPU
		{C3E8F0E7-A110-4AA0-B0D5-FDBFC7D4011A}.Debug|x86.Build.0 = Debug|Any CPU
		{C3E8F0E7-A110-4AA0-B0D5-FDBFC7D4011A}.Release|Any CPU.ActiveCfg = Release|Any CPU
		{C3E8F0E7-A110-4AA0-B0D5-FDBFC7D4011A}.Release|Any CPU.Build.0 = Release|Any CPU
		{C3E8F0E7-A110-4AA0-B0D5-FDBFC7D4011A}.Release|ARM.ActiveCfg = Release|Any CPU
		{C3E8F0E7-A110-4AA0-B0D5-FDBFC7D4011A}.Release|ARM.Build.0 = Release|Any CPU
		{C3E8F0E7-A110-4AA0-B0D5-FDBFC7D4011A}.Release|ARM64.ActiveCfg = Release|Any CPU
		{C3E8F0E7-A110-4AA0-B0D5-FDBFC7D4011A}.Release|ARM64.Build.0 = Release|Any CPU
		{C3E8F0E7-A110-4AA0-B0D5-FDBFC7D4011A}.Release|iPhone.ActiveCfg = Release|Any CPU
		{C3E8F0E7-A110-4AA0-B0D5-FDBFC7D4011A}.Release|iPhone.Build.0 = Release|Any CPU
		{C3E8F0E7-A110-4AA0-B0D5-FDBFC7D4011A}.Release|iPhoneSimulator.ActiveCfg = Release|Any CPU
		{C3E8F0E7-A110-4AA0-B0D5-FDBFC7D4011A}.Release|iPhoneSimulator.Build.0 = Release|Any CPU
		{C3E8F0E7-A110-4AA0-B0D5-FDBFC7D4011A}.Release|x64.ActiveCfg = Release|Any CPU
		{C3E8F0E7-A110-4AA0-B0D5-FDBFC7D4011A}.Release|x64.Build.0 = Release|Any CPU
		{C3E8F0E7-A110-4AA0-B0D5-FDBFC7D4011A}.Release|x86.ActiveCfg = Release|Any CPU
		{C3E8F0E7-A110-4AA0-B0D5-FDBFC7D4011A}.Release|x86.Build.0 = Release|Any CPU
		{1FA4FF69-634E-4D99-8577-1A273E1531CE}.Ad-Hoc|Any CPU.ActiveCfg = Debug|Any CPU
		{1FA4FF69-634E-4D99-8577-1A273E1531CE}.Ad-Hoc|Any CPU.Build.0 = Debug|Any CPU
		{1FA4FF69-634E-4D99-8577-1A273E1531CE}.Ad-Hoc|ARM.ActiveCfg = Debug|Any CPU
		{1FA4FF69-634E-4D99-8577-1A273E1531CE}.Ad-Hoc|ARM.Build.0 = Debug|Any CPU
		{1FA4FF69-634E-4D99-8577-1A273E1531CE}.Ad-Hoc|ARM64.ActiveCfg = Debug|Any CPU
		{1FA4FF69-634E-4D99-8577-1A273E1531CE}.Ad-Hoc|ARM64.Build.0 = Debug|Any CPU
		{1FA4FF69-634E-4D99-8577-1A273E1531CE}.Ad-Hoc|iPhone.ActiveCfg = Debug|Any CPU
		{1FA4FF69-634E-4D99-8577-1A273E1531CE}.Ad-Hoc|iPhone.Build.0 = Debug|Any CPU
		{1FA4FF69-634E-4D99-8577-1A273E1531CE}.Ad-Hoc|iPhoneSimulator.ActiveCfg = Debug|Any CPU
		{1FA4FF69-634E-4D99-8577-1A273E1531CE}.Ad-Hoc|iPhoneSimulator.Build.0 = Debug|Any CPU
		{1FA4FF69-634E-4D99-8577-1A273E1531CE}.Ad-Hoc|x64.ActiveCfg = Debug|Any CPU
		{1FA4FF69-634E-4D99-8577-1A273E1531CE}.Ad-Hoc|x64.Build.0 = Debug|Any CPU
		{1FA4FF69-634E-4D99-8577-1A273E1531CE}.Ad-Hoc|x86.ActiveCfg = Debug|Any CPU
		{1FA4FF69-634E-4D99-8577-1A273E1531CE}.Ad-Hoc|x86.Build.0 = Debug|Any CPU
		{1FA4FF69-634E-4D99-8577-1A273E1531CE}.AppStore|Any CPU.ActiveCfg = Debug|Any CPU
		{1FA4FF69-634E-4D99-8577-1A273E1531CE}.AppStore|Any CPU.Build.0 = Debug|Any CPU
		{1FA4FF69-634E-4D99-8577-1A273E1531CE}.AppStore|ARM.ActiveCfg = Debug|Any CPU
		{1FA4FF69-634E-4D99-8577-1A273E1531CE}.AppStore|ARM.Build.0 = Debug|Any CPU
		{1FA4FF69-634E-4D99-8577-1A273E1531CE}.AppStore|ARM64.ActiveCfg = Debug|Any CPU
		{1FA4FF69-634E-4D99-8577-1A273E1531CE}.AppStore|ARM64.Build.0 = Debug|Any CPU
		{1FA4FF69-634E-4D99-8577-1A273E1531CE}.AppStore|iPhone.ActiveCfg = Debug|Any CPU
		{1FA4FF69-634E-4D99-8577-1A273E1531CE}.AppStore|iPhone.Build.0 = Debug|Any CPU
		{1FA4FF69-634E-4D99-8577-1A273E1531CE}.AppStore|iPhoneSimulator.ActiveCfg = Debug|Any CPU
		{1FA4FF69-634E-4D99-8577-1A273E1531CE}.AppStore|iPhoneSimulator.Build.0 = Debug|Any CPU
		{1FA4FF69-634E-4D99-8577-1A273E1531CE}.AppStore|x64.ActiveCfg = Debug|Any CPU
		{1FA4FF69-634E-4D99-8577-1A273E1531CE}.AppStore|x64.Build.0 = Debug|Any CPU
		{1FA4FF69-634E-4D99-8577-1A273E1531CE}.AppStore|x86.ActiveCfg = Debug|Any CPU
		{1FA4FF69-634E-4D99-8577-1A273E1531CE}.AppStore|x86.Build.0 = Debug|Any CPU
		{1FA4FF69-634E-4D99-8577-1A273E1531CE}.Debug|Any CPU.ActiveCfg = Debug|Any CPU
		{1FA4FF69-634E-4D99-8577-1A273E1531CE}.Debug|Any CPU.Build.0 = Debug|Any CPU
		{1FA4FF69-634E-4D99-8577-1A273E1531CE}.Debug|ARM.ActiveCfg = Debug|Any CPU
		{1FA4FF69-634E-4D99-8577-1A273E1531CE}.Debug|ARM.Build.0 = Debug|Any CPU
		{1FA4FF69-634E-4D99-8577-1A273E1531CE}.Debug|ARM64.ActiveCfg = Debug|Any CPU
		{1FA4FF69-634E-4D99-8577-1A273E1531CE}.Debug|ARM64.Build.0 = Debug|Any CPU
		{1FA4FF69-634E-4D99-8577-1A273E1531CE}.Debug|iPhone.ActiveCfg = Debug|Any CPU
		{1FA4FF69-634E-4D99-8577-1A273E1531CE}.Debug|iPhone.Build.0 = Debug|Any CPU
		{1FA4FF69-634E-4D99-8577-1A273E1531CE}.Debug|iPhoneSimulator.ActiveCfg = Debug|Any CPU
		{1FA4FF69-634E-4D99-8577-1A273E1531CE}.Debug|iPhoneSimulator.Build.0 = Debug|Any CPU
		{1FA4FF69-634E-4D99-8577-1A273E1531CE}.Debug|x64.ActiveCfg = Debug|Any CPU
		{1FA4FF69-634E-4D99-8577-1A273E1531CE}.Debug|x64.Build.0 = Debug|Any CPU
		{1FA4FF69-634E-4D99-8577-1A273E1531CE}.Debug|x86.ActiveCfg = Debug|Any CPU
		{1FA4FF69-634E-4D99-8577-1A273E1531CE}.Debug|x86.Build.0 = Debug|Any CPU
		{1FA4FF69-634E-4D99-8577-1A273E1531CE}.Release|Any CPU.ActiveCfg = Release|Any CPU
		{1FA4FF69-634E-4D99-8577-1A273E1531CE}.Release|Any CPU.Build.0 = Release|Any CPU
		{1FA4FF69-634E-4D99-8577-1A273E1531CE}.Release|ARM.ActiveCfg = Release|Any CPU
		{1FA4FF69-634E-4D99-8577-1A273E1531CE}.Release|ARM.Build.0 = Release|Any CPU
		{1FA4FF69-634E-4D99-8577-1A273E1531CE}.Release|ARM64.ActiveCfg = Release|Any CPU
		{1FA4FF69-634E-4D99-8577-1A273E1531CE}.Release|ARM64.Build.0 = Release|Any CPU
		{1FA4FF69-634E-4D99-8577-1A273E1531CE}.Release|iPhone.ActiveCfg = Release|Any CPU
		{1FA4FF69-634E-4D99-8577-1A273E1531CE}.Release|iPhone.Build.0 = Release|Any CPU
		{1FA4FF69-634E-4D99-8577-1A273E1531CE}.Release|iPhoneSimulator.ActiveCfg = Release|Any CPU
		{1FA4FF69-634E-4D99-8577-1A273E1531CE}.Release|iPhoneSimulator.Build.0 = Release|Any CPU
		{1FA4FF69-634E-4D99-8577-1A273E1531CE}.Release|x64.ActiveCfg = Release|Any CPU
		{1FA4FF69-634E-4D99-8577-1A273E1531CE}.Release|x64.Build.0 = Release|Any CPU
		{1FA4FF69-634E-4D99-8577-1A273E1531CE}.Release|x86.ActiveCfg = Release|Any CPU
		{1FA4FF69-634E-4D99-8577-1A273E1531CE}.Release|x86.Build.0 = Release|Any CPU
		{6C3BEF2B-25D6-42BF-A831-DF11E1EF4DE2}.Ad-Hoc|Any CPU.ActiveCfg = Debug|Any CPU
		{6C3BEF2B-25D6-42BF-A831-DF11E1EF4DE2}.Ad-Hoc|Any CPU.Build.0 = Debug|Any CPU
		{6C3BEF2B-25D6-42BF-A831-DF11E1EF4DE2}.Ad-Hoc|ARM.ActiveCfg = Debug|Any CPU
		{6C3BEF2B-25D6-42BF-A831-DF11E1EF4DE2}.Ad-Hoc|ARM.Build.0 = Debug|Any CPU
		{6C3BEF2B-25D6-42BF-A831-DF11E1EF4DE2}.Ad-Hoc|ARM64.ActiveCfg = Debug|Any CPU
		{6C3BEF2B-25D6-42BF-A831-DF11E1EF4DE2}.Ad-Hoc|ARM64.Build.0 = Debug|Any CPU
		{6C3BEF2B-25D6-42BF-A831-DF11E1EF4DE2}.Ad-Hoc|iPhone.ActiveCfg = Debug|Any CPU
		{6C3BEF2B-25D6-42BF-A831-DF11E1EF4DE2}.Ad-Hoc|iPhone.Build.0 = Debug|Any CPU
		{6C3BEF2B-25D6-42BF-A831-DF11E1EF4DE2}.Ad-Hoc|iPhoneSimulator.ActiveCfg = Debug|Any CPU
		{6C3BEF2B-25D6-42BF-A831-DF11E1EF4DE2}.Ad-Hoc|iPhoneSimulator.Build.0 = Debug|Any CPU
		{6C3BEF2B-25D6-42BF-A831-DF11E1EF4DE2}.Ad-Hoc|x64.ActiveCfg = Debug|Any CPU
		{6C3BEF2B-25D6-42BF-A831-DF11E1EF4DE2}.Ad-Hoc|x64.Build.0 = Debug|Any CPU
		{6C3BEF2B-25D6-42BF-A831-DF11E1EF4DE2}.Ad-Hoc|x86.ActiveCfg = Debug|Any CPU
		{6C3BEF2B-25D6-42BF-A831-DF11E1EF4DE2}.Ad-Hoc|x86.Build.0 = Debug|Any CPU
		{6C3BEF2B-25D6-42BF-A831-DF11E1EF4DE2}.AppStore|Any CPU.ActiveCfg = Debug|Any CPU
		{6C3BEF2B-25D6-42BF-A831-DF11E1EF4DE2}.AppStore|Any CPU.Build.0 = Debug|Any CPU
		{6C3BEF2B-25D6-42BF-A831-DF11E1EF4DE2}.AppStore|ARM.ActiveCfg = Debug|Any CPU
		{6C3BEF2B-25D6-42BF-A831-DF11E1EF4DE2}.AppStore|ARM.Build.0 = Debug|Any CPU
		{6C3BEF2B-25D6-42BF-A831-DF11E1EF4DE2}.AppStore|ARM64.ActiveCfg = Debug|Any CPU
		{6C3BEF2B-25D6-42BF-A831-DF11E1EF4DE2}.AppStore|ARM64.Build.0 = Debug|Any CPU
		{6C3BEF2B-25D6-42BF-A831-DF11E1EF4DE2}.AppStore|iPhone.ActiveCfg = Debug|Any CPU
		{6C3BEF2B-25D6-42BF-A831-DF11E1EF4DE2}.AppStore|iPhone.Build.0 = Debug|Any CPU
		{6C3BEF2B-25D6-42BF-A831-DF11E1EF4DE2}.AppStore|iPhoneSimulator.ActiveCfg = Debug|Any CPU
		{6C3BEF2B-25D6-42BF-A831-DF11E1EF4DE2}.AppStore|iPhoneSimulator.Build.0 = Debug|Any CPU
		{6C3BEF2B-25D6-42BF-A831-DF11E1EF4DE2}.AppStore|x64.ActiveCfg = Debug|Any CPU
		{6C3BEF2B-25D6-42BF-A831-DF11E1EF4DE2}.AppStore|x64.Build.0 = Debug|Any CPU
		{6C3BEF2B-25D6-42BF-A831-DF11E1EF4DE2}.AppStore|x86.ActiveCfg = Debug|Any CPU
		{6C3BEF2B-25D6-42BF-A831-DF11E1EF4DE2}.AppStore|x86.Build.0 = Debug|Any CPU
		{6C3BEF2B-25D6-42BF-A831-DF11E1EF4DE2}.Debug|Any CPU.ActiveCfg = Debug|Any CPU
		{6C3BEF2B-25D6-42BF-A831-DF11E1EF4DE2}.Debug|Any CPU.Build.0 = Debug|Any CPU
		{6C3BEF2B-25D6-42BF-A831-DF11E1EF4DE2}.Debug|ARM.ActiveCfg = Debug|Any CPU
		{6C3BEF2B-25D6-42BF-A831-DF11E1EF4DE2}.Debug|ARM.Build.0 = Debug|Any CPU
		{6C3BEF2B-25D6-42BF-A831-DF11E1EF4DE2}.Debug|ARM64.ActiveCfg = Debug|Any CPU
		{6C3BEF2B-25D6-42BF-A831-DF11E1EF4DE2}.Debug|ARM64.Build.0 = Debug|Any CPU
		{6C3BEF2B-25D6-42BF-A831-DF11E1EF4DE2}.Debug|iPhone.ActiveCfg = Debug|Any CPU
		{6C3BEF2B-25D6-42BF-A831-DF11E1EF4DE2}.Debug|iPhone.Build.0 = Debug|Any CPU
		{6C3BEF2B-25D6-42BF-A831-DF11E1EF4DE2}.Debug|iPhoneSimulator.ActiveCfg = Debug|Any CPU
		{6C3BEF2B-25D6-42BF-A831-DF11E1EF4DE2}.Debug|iPhoneSimulator.Build.0 = Debug|Any CPU
		{6C3BEF2B-25D6-42BF-A831-DF11E1EF4DE2}.Debug|x64.ActiveCfg = Debug|Any CPU
		{6C3BEF2B-25D6-42BF-A831-DF11E1EF4DE2}.Debug|x64.Build.0 = Debug|Any CPU
		{6C3BEF2B-25D6-42BF-A831-DF11E1EF4DE2}.Debug|x86.ActiveCfg = Debug|Any CPU
		{6C3BEF2B-25D6-42BF-A831-DF11E1EF4DE2}.Debug|x86.Build.0 = Debug|Any CPU
		{6C3BEF2B-25D6-42BF-A831-DF11E1EF4DE2}.Release|Any CPU.ActiveCfg = Release|Any CPU
		{6C3BEF2B-25D6-42BF-A831-DF11E1EF4DE2}.Release|Any CPU.Build.0 = Release|Any CPU
		{6C3BEF2B-25D6-42BF-A831-DF11E1EF4DE2}.Release|ARM.ActiveCfg = Release|Any CPU
		{6C3BEF2B-25D6-42BF-A831-DF11E1EF4DE2}.Release|ARM.Build.0 = Release|Any CPU
		{6C3BEF2B-25D6-42BF-A831-DF11E1EF4DE2}.Release|ARM64.ActiveCfg = Release|Any CPU
		{6C3BEF2B-25D6-42BF-A831-DF11E1EF4DE2}.Release|ARM64.Build.0 = Release|Any CPU
		{6C3BEF2B-25D6-42BF-A831-DF11E1EF4DE2}.Release|iPhone.ActiveCfg = Release|Any CPU
		{6C3BEF2B-25D6-42BF-A831-DF11E1EF4DE2}.Release|iPhone.Build.0 = Release|Any CPU
		{6C3BEF2B-25D6-42BF-A831-DF11E1EF4DE2}.Release|iPhoneSimulator.ActiveCfg = Release|Any CPU
		{6C3BEF2B-25D6-42BF-A831-DF11E1EF4DE2}.Release|iPhoneSimulator.Build.0 = Release|Any CPU
		{6C3BEF2B-25D6-42BF-A831-DF11E1EF4DE2}.Release|x64.ActiveCfg = Release|Any CPU
		{6C3BEF2B-25D6-42BF-A831-DF11E1EF4DE2}.Release|x64.Build.0 = Release|Any CPU
		{6C3BEF2B-25D6-42BF-A831-DF11E1EF4DE2}.Release|x86.ActiveCfg = Release|Any CPU
		{6C3BEF2B-25D6-42BF-A831-DF11E1EF4DE2}.Release|x86.Build.0 = Release|Any CPU
	EndGlobalSection
	GlobalSection(SolutionProperties) = preSolution
		HideSolutionNode = FALSE
	EndGlobalSection
	GlobalSection(NestedProjects) = preSolution
		{552A98A8-74C6-42E7-B2D4-E46DDFCEA393} = {904420DE-E145-47B6-BDE7-F8D62ABD1880}
		{8E4E2083-4A20-4926-97DE-2E1709D9704B} = {904420DE-E145-47B6-BDE7-F8D62ABD1880}
		{BAA215E9-E7AA-4F89-B907-9D687FB9F273} = {904420DE-E145-47B6-BDE7-F8D62ABD1880}
		{6F38F0DA-7E15-4186-BECE-3BF701D676E4} = {904420DE-E145-47B6-BDE7-F8D62ABD1880}
		{B837DC98-CEDE-4ADC-8684-E0648BD00951} = {904420DE-E145-47B6-BDE7-F8D62ABD1880}
		{0A364F63-B9D1-4C5F-B203-6F6AE40451DC} = {904420DE-E145-47B6-BDE7-F8D62ABD1880}
		{C3E8F0E7-A110-4AA0-B0D5-FDBFC7D4011A} = {904420DE-E145-47B6-BDE7-F8D62ABD1880}
		{1FA4FF69-634E-4D99-8577-1A273E1531CE} = {904420DE-E145-47B6-BDE7-F8D62ABD1880}
		{6C3BEF2B-25D6-42BF-A831-DF11E1EF4DE2} = {904420DE-E145-47B6-BDE7-F8D62ABD1880}
	EndGlobalSection
	GlobalSection(ExtensibilityGlobals) = postSolution
		SolutionGuid = {92E5C4E3-9F98-4245-B4A4-5E16C3400170}
	EndGlobalSection
	GlobalSection(SharedMSBuildProjectFiles) = preSolution
		UnoGamepad.Shared\UnoGamepad.Shared.projitems*{1fa4ff69-634e-4d99-8577-1a273e1531ce}*SharedItemsImports = 5
		UnoGamepad.Shared\UnoGamepad.Shared.projitems*{552a98a8-74c6-42e7-b2d4-e46ddfcea393}*SharedItemsImports = 4
		UnoGamepad.Shared\UnoGamepad.Shared.projitems*{6279c845-92f8-4333-ab99-3d213163593c}*SharedItemsImports = 13
		UnoGamepad.Shared\UnoGamepad.Shared.projitems*{6c3bef2b-25d6-42bf-a831-df11e1ef4de2}*SharedItemsImports = 5
		UnoGamepad.Shared\UnoGamepad.Shared.projitems*{6f38f0da-7e15-4186-bece-3bf701d676e4}*SharedItemsImports = 5
		UnoGamepad.Shared\UnoGamepad.Shared.projitems*{8e4e2083-4a20-4926-97de-2e1709d9704b}*SharedItemsImports = 4
		UnoGamepad.Shared\UnoGamepad.Shared.projitems*{b837dc98-cede-4adc-8684-e0648bd00951}*SharedItemsImports = 4
		UnoGamepad.Shared\UnoGamepad.Shared.projitems*{baa215e9-e7aa-4f89-b907-9d687fb9f273}*SharedItemsImports = 4
		UnoGamepad.Shared\UnoGamepad.Shared.projitems*{c3e8f0e7-a110-4aa0-b0d5-fdbfc7d4011a}*SharedItemsImports = 5
	EndGlobalSection
EndGlobal
